// !$*UTF8*$!
{
	archiveVersion = 1;
	classes = {
	};
	objectVersion = 46;
	objects = {

/* Begin PBXBuildFile section */
		1F49785B1DC2F4A500E29004 /* main.m in Sources */ = {isa = PBXBuildFile; fileRef = 1F49785A1DC2F4A500E29004 /* main.m */; };
		1F49785E1DC2F4A500E29004 /* AppDelegate.m in Sources */ = {isa = PBXBuildFile; fileRef = 1F49785D1DC2F4A500E29004 /* AppDelegate.m */; };
		1F4978611DC2F4A500E29004 /* ViewController.m in Sources */ = {isa = PBXBuildFile; fileRef = 1F4978601DC2F4A500E29004 /* ViewController.m */; };
		1F4978641DC2F4A500E29004 /* Main.storyboard in Resources */ = {isa = PBXBuildFile; fileRef = 1F4978621DC2F4A500E29004 /* Main.storyboard */; };
		1F4978661DC2F4A500E29004 /* Assets.xcassets in Resources */ = {isa = PBXBuildFile; fileRef = 1F4978651DC2F4A500E29004 /* Assets.xcassets */; };
		1F4978691DC2F4A500E29004 /* LaunchScreen.storyboard in Resources */ = {isa = PBXBuildFile; fileRef = 1F4978671DC2F4A500E29004 /* LaunchScreen.storyboard */; };
		1F4978741DC2F4A600E29004 /* CollectionViewAutoScrollTests.m in Sources */ = {isa = PBXBuildFile; fileRef = 1F4978731DC2F4A600E29004 /* CollectionViewAutoScrollTests.m */; };
		1F49787F1DC2F4A600E29004 /* CollectionViewAutoScrollUITests.m in Sources */ = {isa = PBXBuildFile; fileRef = 1F49787E1DC2F4A600E29004 /* CollectionViewAutoScrollUITests.m */; };
		1F49788E1DC2F94500E29004 /* FGRCollectionViewLayout.m in Sources */ = {isa = PBXBuildFile; fileRef = 1F49788D1DC2F94500E29004 /* FGRCollectionViewLayout.m */; };
		1F4978921DC2FD9900E29004 /* FGRCollectionViewCell.m in Sources */ = {isa = PBXBuildFile; fileRef = 1F4978901DC2FD9900E29004 /* FGRCollectionViewCell.m */; };
		1F4978931DC2FD9900E29004 /* FGRCollectionViewCell.xib in Resources */ = {isa = PBXBuildFile; fileRef = 1F4978911DC2FD9900E29004 /* FGRCollectionViewCell.xib */; };
		1F49789A1DC32E5300E29004 /* FGRCollectionViewDataSource.m in Sources */ = {isa = PBXBuildFile; fileRef = 1F4978991DC32E5300E29004 /* FGRCollectionViewDataSource.m */; };
		1F49789E1DC834AF00E29004 /* FGRBottomMenuController.m in Sources */ = {isa = PBXBuildFile; fileRef = 1F49789D1DC834AF00E29004 /* FGRBottomMenuController.m */; };
		1F4978A21DC8354100E29004 /* MenuDemoViewController.m in Sources */ = {isa = PBXBuildFile; fileRef = 1F4978A01DC8354100E29004 /* MenuDemoViewController.m */; };
		1F4978A31DC8354100E29004 /* MenuDemoViewController.xib in Resources */ = {isa = PBXBuildFile; fileRef = 1F4978A11DC8354100E29004 /* MenuDemoViewController.xib */; };
		1F4978A61DC83AF300E29004 /* FGRBottomMenu.m in Sources */ = {isa = PBXBuildFile; fileRef = 1F4978A51DC83AF300E29004 /* FGRBottomMenu.m */; };
		1F4978AC1DC8723500E29004 /* FGRReadOptionViewController.m in Sources */ = {isa = PBXBuildFile; fileRef = 1F4978AA1DC8723500E29004 /* FGRReadOptionViewController.m */; };
		1F4978AD1DC8723500E29004 /* FGRReadOptionViewController.xib in Resources */ = {isa = PBXBuildFile; fileRef = 1F4978AB1DC8723500E29004 /* FGRReadOptionViewController.xib */; };
		1F4978B11DC8734600E29004 /* FGRReadOptionCell.m in Sources */ = {isa = PBXBuildFile; fileRef = 1F4978AF1DC8734600E29004 /* FGRReadOptionCell.m */; };
		1F4978B21DC8734600E29004 /* FGRReadOptionCell.xib in Resources */ = {isa = PBXBuildFile; fileRef = 1F4978B01DC8734600E29004 /* FGRReadOptionCell.xib */; };
		1F4978B61DC8787100E29004 /* FGRReadOptionItem.m in Sources */ = {isa = PBXBuildFile; fileRef = 1F4978B51DC8787100E29004 /* FGRReadOptionItem.m */; };
		1F4978BE1DC8873E00E29004 /* FGRReadOptionFontSizeCell.m in Sources */ = {isa = PBXBuildFile; fileRef = 1F4978BC1DC8873E00E29004 /* FGRReadOptionFontSizeCell.m */; };
		1F4978BF1DC8873E00E29004 /* FGRReadOptionFontSizeCell.xib in Resources */ = {isa = PBXBuildFile; fileRef = 1F4978BD1DC8873E00E29004 /* FGRReadOptionFontSizeCell.xib */; };
		1F4978C31DC88B0500E29004 /* FGRReadOptionConfigController.m in Sources */ = {isa = PBXBuildFile; fileRef = 1F4978C11DC88B0500E29004 /* FGRReadOptionConfigController.m */; };
		1F4978C41DC88B0500E29004 /* FGRReadOptionConfigController.xib in Resources */ = {isa = PBXBuildFile; fileRef = 1F4978C21DC88B0500E29004 /* FGRReadOptionConfigController.xib */; };
		1F4978CD1DC88FEC00E29004 /* FGRReadOptionNaviCell.m in Sources */ = {isa = PBXBuildFile; fileRef = 1F4978CB1DC88FEC00E29004 /* FGRReadOptionNaviCell.m */; };
		1F4978CE1DC88FEC00E29004 /* FGRReadOptionNaviCell.xib in Resources */ = {isa = PBXBuildFile; fileRef = 1F4978CC1DC88FEC00E29004 /* FGRReadOptionNaviCell.xib */; };
/* End PBXBuildFile section */

/* Begin PBXContainerItemProxy section */
		1F4978701DC2F4A600E29004 /* PBXContainerItemProxy */ = {
			isa = PBXContainerItemProxy;
			containerPortal = 1F49784E1DC2F4A500E29004 /* Project object */;
			proxyType = 1;
			remoteGlobalIDString = 1F4978551DC2F4A500E29004;
			remoteInfo = CollectionViewAutoScroll;
		};
		1F49787B1DC2F4A600E29004 /* PBXContainerItemProxy */ = {
			isa = PBXContainerItemProxy;
			containerPortal = 1F49784E1DC2F4A500E29004 /* Project object */;
			proxyType = 1;
			remoteGlobalIDString = 1F4978551DC2F4A500E29004;
			remoteInfo = CollectionViewAutoScroll;
		};
/* End PBXContainerItemProxy section */

/* Begin PBXFileReference section */
		1F4978561DC2F4A500E29004 /* CollectionViewAutoScroll.app */ = {isa = PBXFileReference; explicitFileType = wrapper.application; includeInIndex = 0; path = CollectionViewAutoScroll.app; sourceTree = BUILT_PRODUCTS_DIR; };
		1F49785A1DC2F4A500E29004 /* main.m */ = {isa = PBXFileReference; lastKnownFileType = sourcecode.c.objc; path = main.m; sourceTree = "<group>"; };
		1F49785C1DC2F4A500E29004 /* AppDelegate.h */ = {isa = PBXFileReference; lastKnownFileType = sourcecode.c.h; path = AppDelegate.h; sourceTree = "<group>"; };
		1F49785D1DC2F4A500E29004 /* AppDelegate.m */ = {isa = PBXFileReference; lastKnownFileType = sourcecode.c.objc; path = AppDelegate.m; sourceTree = "<group>"; };
		1F49785F1DC2F4A500E29004 /* ViewController.h */ = {isa = PBXFileReference; lastKnownFileType = sourcecode.c.h; path = ViewController.h; sourceTree = "<group>"; };
		1F4978601DC2F4A500E29004 /* ViewController.m */ = {isa = PBXFileReference; lastKnownFileType = sourcecode.c.objc; path = ViewController.m; sourceTree = "<group>"; };
		1F4978631DC2F4A500E29004 /* Base */ = {isa = PBXFileReference; lastKnownFileType = file.storyboard; name = Base; path = Base.lproj/Main.storyboard; sourceTree = "<group>"; };
		1F4978651DC2F4A500E29004 /* Assets.xcassets */ = {isa = PBXFileReference; lastKnownFileType = folder.assetcatalog; path = Assets.xcassets; sourceTree = "<group>"; };
		1F4978681DC2F4A500E29004 /* Base */ = {isa = PBXFileReference; lastKnownFileType = file.storyboard; name = Base; path = Base.lproj/LaunchScreen.storyboard; sourceTree = "<group>"; };
		1F49786A1DC2F4A600E29004 /* Info.plist */ = {isa = PBXFileReference; lastKnownFileType = text.plist.xml; path = Info.plist; sourceTree = "<group>"; };
		1F49786F1DC2F4A600E29004 /* CollectionViewAutoScrollTests.xctest */ = {isa = PBXFileReference; explicitFileType = wrapper.cfbundle; includeInIndex = 0; path = CollectionViewAutoScrollTests.xctest; sourceTree = BUILT_PRODUCTS_DIR; };
		1F4978731DC2F4A600E29004 /* CollectionViewAutoScrollTests.m */ = {isa = PBXFileReference; lastKnownFileType = sourcecode.c.objc; path = CollectionViewAutoScrollTests.m; sourceTree = "<group>"; };
		1F4978751DC2F4A600E29004 /* Info.plist */ = {isa = PBXFileReference; lastKnownFileType = text.plist.xml; path = Info.plist; sourceTree = "<group>"; };
		1F49787A1DC2F4A600E29004 /* CollectionViewAutoScrollUITests.xctest */ = {isa = PBXFileReference; explicitFileType = wrapper.cfbundle; includeInIndex = 0; path = CollectionViewAutoScrollUITests.xctest; sourceTree = BUILT_PRODUCTS_DIR; };
		1F49787E1DC2F4A600E29004 /* CollectionViewAutoScrollUITests.m */ = {isa = PBXFileReference; lastKnownFileType = sourcecode.c.objc; path = CollectionViewAutoScrollUITests.m; sourceTree = "<group>"; };
		1F4978801DC2F4A600E29004 /* Info.plist */ = {isa = PBXFileReference; lastKnownFileType = text.plist.xml; path = Info.plist; sourceTree = "<group>"; };
		1F49788C1DC2F94500E29004 /* FGRCollectionViewLayout.h */ = {isa = PBXFileReference; fileEncoding = 4; lastKnownFileType = sourcecode.c.h; path = FGRCollectionViewLayout.h; sourceTree = "<group>"; };
		1F49788D1DC2F94500E29004 /* FGRCollectionViewLayout.m */ = {isa = PBXFileReference; fileEncoding = 4; lastKnownFileType = sourcecode.c.objc; path = FGRCollectionViewLayout.m; sourceTree = "<group>"; };
		1F49788F1DC2FD9900E29004 /* FGRCollectionViewCell.h */ = {isa = PBXFileReference; fileEncoding = 4; lastKnownFileType = sourcecode.c.h; path = FGRCollectionViewCell.h; sourceTree = "<group>"; };
		1F4978901DC2FD9900E29004 /* FGRCollectionViewCell.m */ = {isa = PBXFileReference; fileEncoding = 4; lastKnownFileType = sourcecode.c.objc; path = FGRCollectionViewCell.m; sourceTree = "<group>"; };
		1F4978911DC2FD9900E29004 /* FGRCollectionViewCell.xib */ = {isa = PBXFileReference; fileEncoding = 4; lastKnownFileType = file.xib; path = FGRCollectionViewCell.xib; sourceTree = "<group>"; };
		1F4978981DC32E5300E29004 /* FGRCollectionViewDataSource.h */ = {isa = PBXFileReference; fileEncoding = 4; lastKnownFileType = sourcecode.c.h; path = FGRCollectionViewDataSource.h; sourceTree = "<group>"; };
		1F4978991DC32E5300E29004 /* FGRCollectionViewDataSource.m */ = {isa = PBXFileReference; fileEncoding = 4; lastKnownFileType = sourcecode.c.objc; path = FGRCollectionViewDataSource.m; sourceTree = "<group>"; };
		1F49789C1DC834AF00E29004 /* FGRBottomMenuController.h */ = {isa = PBXFileReference; fileEncoding = 4; lastKnownFileType = sourcecode.c.h; path = FGRBottomMenuController.h; sourceTree = "<group>"; };
		1F49789D1DC834AF00E29004 /* FGRBottomMenuController.m */ = {isa = PBXFileReference; fileEncoding = 4; lastKnownFileType = sourcecode.c.objc; path = FGRBottomMenuController.m; sourceTree = "<group>"; };
		1F49789F1DC8354100E29004 /* MenuDemoViewController.h */ = {isa = PBXFileReference; fileEncoding = 4; lastKnownFileType = sourcecode.c.h; path = MenuDemoViewController.h; sourceTree = "<group>"; };
		1F4978A01DC8354100E29004 /* MenuDemoViewController.m */ = {isa = PBXFileReference; fileEncoding = 4; lastKnownFileType = sourcecode.c.objc; path = MenuDemoViewController.m; sourceTree = "<group>"; };
		1F4978A11DC8354100E29004 /* MenuDemoViewController.xib */ = {isa = PBXFileReference; fileEncoding = 4; lastKnownFileType = file.xib; path = MenuDemoViewController.xib; sourceTree = "<group>"; };
		1F4978A41DC83AF300E29004 /* FGRBottomMenu.h */ = {isa = PBXFileReference; fileEncoding = 4; lastKnownFileType = sourcecode.c.h; path = FGRBottomMenu.h; sourceTree = "<group>"; };
		1F4978A51DC83AF300E29004 /* FGRBottomMenu.m */ = {isa = PBXFileReference; fileEncoding = 4; lastKnownFileType = sourcecode.c.objc; path = FGRBottomMenu.m; sourceTree = "<group>"; };
		1F4978A91DC8723500E29004 /* FGRReadOptionViewController.h */ = {isa = PBXFileReference; fileEncoding = 4; lastKnownFileType = sourcecode.c.h; path = FGRReadOptionViewController.h; sourceTree = "<group>"; };
		1F4978AA1DC8723500E29004 /* FGRReadOptionViewController.m */ = {isa = PBXFileReference; fileEncoding = 4; lastKnownFileType = sourcecode.c.objc; path = FGRReadOptionViewController.m; sourceTree = "<group>"; };
		1F4978AB1DC8723500E29004 /* FGRReadOptionViewController.xib */ = {isa = PBXFileReference; fileEncoding = 4; lastKnownFileType = file.xib; path = FGRReadOptionViewController.xib; sourceTree = "<group>"; };
		1F4978AE1DC8734600E29004 /* FGRReadOptionCell.h */ = {isa = PBXFileReference; fileEncoding = 4; lastKnownFileType = sourcecode.c.h; path = FGRReadOptionCell.h; sourceTree = "<group>"; };
		1F4978AF1DC8734600E29004 /* FGRReadOptionCell.m */ = {isa = PBXFileReference; fileEncoding = 4; lastKnownFileType = sourcecode.c.objc; path = FGRReadOptionCell.m; sourceTree = "<group>"; };
		1F4978B01DC8734600E29004 /* FGRReadOptionCell.xib */ = {isa = PBXFileReference; fileEncoding = 4; lastKnownFileType = file.xib; path = FGRReadOptionCell.xib; sourceTree = "<group>"; };
		1F4978B41DC8787100E29004 /* FGRReadOptionItem.h */ = {isa = PBXFileReference; fileEncoding = 4; lastKnownFileType = sourcecode.c.h; path = FGRReadOptionItem.h; sourceTree = "<group>"; };
		1F4978B51DC8787100E29004 /* FGRReadOptionItem.m */ = {isa = PBXFileReference; fileEncoding = 4; lastKnownFileType = sourcecode.c.objc; path = FGRReadOptionItem.m; sourceTree = "<group>"; };
		1F4978BB1DC8873E00E29004 /* FGRReadOptionFontSizeCell.h */ = {isa = PBXFileReference; fileEncoding = 4; lastKnownFileType = sourcecode.c.h; path = FGRReadOptionFontSizeCell.h; sourceTree = "<group>"; };
		1F4978BC1DC8873E00E29004 /* FGRReadOptionFontSizeCell.m */ = {isa = PBXFileReference; fileEncoding = 4; lastKnownFileType = sourcecode.c.objc; path = FGRReadOptionFontSizeCell.m; sourceTree = "<group>"; };
		1F4978BD1DC8873E00E29004 /* FGRReadOptionFontSizeCell.xib */ = {isa = PBXFileReference; fileEncoding = 4; lastKnownFileType = file.xib; path = FGRReadOptionFontSizeCell.xib; sourceTree = "<group>"; };
		1F4978C01DC88B0500E29004 /* FGRReadOptionConfigController.h */ = {isa = PBXFileReference; fileEncoding = 4; lastKnownFileType = sourcecode.c.h; path = FGRReadOptionConfigController.h; sourceTree = "<group>"; };
		1F4978C11DC88B0500E29004 /* FGRReadOptionConfigController.m */ = {isa = PBXFileReference; fileEncoding = 4; lastKnownFileType = sourcecode.c.objc; path = FGRReadOptionConfigController.m; sourceTree = "<group>"; };
		1F4978C21DC88B0500E29004 /* FGRReadOptionConfigController.xib */ = {isa = PBXFileReference; fileEncoding = 4; lastKnownFileType = file.xib; path = FGRReadOptionConfigController.xib; sourceTree = "<group>"; };
		1F4978CA1DC88FEC00E29004 /* FGRReadOptionNaviCell.h */ = {isa = PBXFileReference; fileEncoding = 4; lastKnownFileType = sourcecode.c.h; path = FGRReadOptionNaviCell.h; sourceTree = "<group>"; };
		1F4978CB1DC88FEC00E29004 /* FGRReadOptionNaviCell.m */ = {isa = PBXFileReference; fileEncoding = 4; lastKnownFileType = sourcecode.c.objc; path = FGRReadOptionNaviCell.m; sourceTree = "<group>"; };
		1F4978CC1DC88FEC00E29004 /* FGRReadOptionNaviCell.xib */ = {isa = PBXFileReference; fileEncoding = 4; lastKnownFileType = file.xib; path = FGRReadOptionNaviCell.xib; sourceTree = "<group>"; };
/* End PBXFileReference section */

/* Begin PBXFrameworksBuildPhase section */
		1F4978531DC2F4A500E29004 /* Frameworks */ = {
			isa = PBXFrameworksBuildPhase;
			buildActionMask = 2147483647;
			files = (
			);
			runOnlyForDeploymentPostprocessing = 0;
		};
		1F49786C1DC2F4A600E29004 /* Frameworks */ = {
			isa = PBXFrameworksBuildPhase;
			buildActionMask = 2147483647;
			files = (
			);
			runOnlyForDeploymentPostprocessing = 0;
		};
		1F4978771DC2F4A600E29004 /* Frameworks */ = {
			isa = PBXFrameworksBuildPhase;
			buildActionMask = 2147483647;
			files = (
			);
			runOnlyForDeploymentPostprocessing = 0;
		};
/* End PBXFrameworksBuildPhase section */

/* Begin PBXGroup section */
		1F49784D1DC2F4A500E29004 = {
			isa = PBXGroup;
			children = (
				1F4978581DC2F4A500E29004 /* CollectionViewAutoScroll */,
				1F4978721DC2F4A600E29004 /* CollectionViewAutoScrollTests */,
				1F49787D1DC2F4A600E29004 /* CollectionViewAutoScrollUITests */,
				1F4978571DC2F4A500E29004 /* Products */,
			);
			sourceTree = "<group>";
		};
		1F4978571DC2F4A500E29004 /* Products */ = {
			isa = PBXGroup;
			children = (
				1F4978561DC2F4A500E29004 /* CollectionViewAutoScroll.app */,
				1F49786F1DC2F4A600E29004 /* CollectionViewAutoScrollTests.xctest */,
				1F49787A1DC2F4A600E29004 /* CollectionViewAutoScrollUITests.xctest */,
			);
			name = Products;
			sourceTree = "<group>";
		};
		1F4978581DC2F4A500E29004 /* CollectionViewAutoScroll */ = {
			isa = PBXGroup;
			children = (
				1F49789B1DC831A700E29004 /* BottomMenu */,
				1F4978941DC2FD9D00E29004 /* Collection */,
				1F49785C1DC2F4A500E29004 /* AppDelegate.h */,
				1F49785D1DC2F4A500E29004 /* AppDelegate.m */,
				1F49785F1DC2F4A500E29004 /* ViewController.h */,
				1F4978601DC2F4A500E29004 /* ViewController.m */,
				1F4978621DC2F4A500E29004 /* Main.storyboard */,
				1F49789F1DC8354100E29004 /* MenuDemoViewController.h */,
				1F4978A01DC8354100E29004 /* MenuDemoViewController.m */,
				1F4978A11DC8354100E29004 /* MenuDemoViewController.xib */,
				1F4978651DC2F4A500E29004 /* Assets.xcassets */,
				1F4978671DC2F4A500E29004 /* LaunchScreen.storyboard */,
				1F49786A1DC2F4A600E29004 /* Info.plist */,
				1F4978591DC2F4A500E29004 /* Supporting Files */,
			);
			path = CollectionViewAutoScroll;
			sourceTree = "<group>";
		};
		1F4978591DC2F4A500E29004 /* Supporting Files */ = {
			isa = PBXGroup;
			children = (
				1F49785A1DC2F4A500E29004 /* main.m */,
			);
			name = "Supporting Files";
			sourceTree = "<group>";
		};
		1F4978721DC2F4A600E29004 /* CollectionViewAutoScrollTests */ = {
			isa = PBXGroup;
			children = (
				1F4978731DC2F4A600E29004 /* CollectionViewAutoScrollTests.m */,
				1F4978751DC2F4A600E29004 /* Info.plist */,
			);
			path = CollectionViewAutoScrollTests;
			sourceTree = "<group>";
		};
		1F49787D1DC2F4A600E29004 /* CollectionViewAutoScrollUITests */ = {
			isa = PBXGroup;
			children = (
				1F49787E1DC2F4A600E29004 /* CollectionViewAutoScrollUITests.m */,
				1F4978801DC2F4A600E29004 /* Info.plist */,
			);
			path = CollectionViewAutoScrollUITests;
			sourceTree = "<group>";
		};
		1F4978941DC2FD9D00E29004 /* Collection */ = {
			isa = PBXGroup;
			children = (
				1F4978981DC32E5300E29004 /* FGRCollectionViewDataSource.h */,
				1F4978991DC32E5300E29004 /* FGRCollectionViewDataSource.m */,
				1F49788F1DC2FD9900E29004 /* FGRCollectionViewCell.h */,
				1F4978901DC2FD9900E29004 /* FGRCollectionViewCell.m */,
				1F4978911DC2FD9900E29004 /* FGRCollectionViewCell.xib */,
				1F49788C1DC2F94500E29004 /* FGRCollectionViewLayout.h */,
				1F49788D1DC2F94500E29004 /* FGRCollectionViewLayout.m */,
			);
			name = Collection;
			sourceTree = "<group>";
		};
		1F49789B1DC831A700E29004 /* BottomMenu */ = {
			isa = PBXGroup;
			children = (
				1F4978B31DC8734A00E29004 /* Options */,
				1F4978A41DC83AF300E29004 /* FGRBottomMenu.h */,
				1F4978A51DC83AF300E29004 /* FGRBottomMenu.m */,
				1F49789C1DC834AF00E29004 /* FGRBottomMenuController.h */,
				1F49789D1DC834AF00E29004 /* FGRBottomMenuController.m */,
			);
			name = BottomMenu;
			sourceTree = "<group>";
		};
		1F4978B31DC8734A00E29004 /* Options */ = {
			isa = PBXGroup;
			children = (
				1F4978B41DC8787100E29004 /* FGRReadOptionItem.h */,
				1F4978B51DC8787100E29004 /* FGRReadOptionItem.m */,
				1F4978CF1DC8900600E29004 /* view */,
				1F4978D01DC8900E00E29004 /* controller */,
			);
			name = Options;
			sourceTree = "<group>";
		};
		1F4978CF1DC8900600E29004 /* view */ = {
			isa = PBXGroup;
			children = (
				1F4978BB1DC8873E00E29004 /* FGRReadOptionFontSizeCell.h */,
				1F4978BC1DC8873E00E29004 /* FGRReadOptionFontSizeCell.m */,
				1F4978BD1DC8873E00E29004 /* FGRReadOptionFontSizeCell.xib */,
				1F4978AE1DC8734600E29004 /* FGRReadOptionCell.h */,
				1F4978AF1DC8734600E29004 /* FGRReadOptionCell.m */,
				1F4978B01DC8734600E29004 /* FGRReadOptionCell.xib */,
				1F4978CA1DC88FEC00E29004 /* FGRReadOptionNaviCell.h */,
				1F4978CB1DC88FEC00E29004 /* FGRReadOptionNaviCell.m */,
				1F4978CC1DC88FEC00E29004 /* FGRReadOptionNaviCell.xib */,
			);
			name = view;
			sourceTree = "<group>";
		};
		1F4978D01DC8900E00E29004 /* controller */ = {
			isa = PBXGroup;
			children = (
				1F4978A91DC8723500E29004 /* FGRReadOptionViewController.h */,
				1F4978AA1DC8723500E29004 /* FGRReadOptionViewController.m */,
				1F4978AB1DC8723500E29004 /* FGRReadOptionViewController.xib */,
				1F4978C01DC88B0500E29004 /* FGRReadOptionConfigController.h */,
				1F4978C11DC88B0500E29004 /* FGRReadOptionConfigController.m */,
				1F4978C21DC88B0500E29004 /* FGRReadOptionConfigController.xib */,
			);
			name = controller;
			sourceTree = "<group>";
		};
/* End PBXGroup section */

/* Begin PBXNativeTarget section */
		1F4978551DC2F4A500E29004 /* CollectionViewAutoScroll */ = {
			isa = PBXNativeTarget;
			buildConfigurationList = 1F4978831DC2F4A600E29004 /* Build configuration list for PBXNativeTarget "CollectionViewAutoScroll" */;
			buildPhases = (
				1F4978521DC2F4A500E29004 /* Sources */,
				1F4978531DC2F4A500E29004 /* Frameworks */,
				1F4978541DC2F4A500E29004 /* Resources */,
			);
			buildRules = (
			);
			dependencies = (
			);
			name = CollectionViewAutoScroll;
			productName = CollectionViewAutoScroll;
			productReference = 1F4978561DC2F4A500E29004 /* CollectionViewAutoScroll.app */;
			productType = "com.apple.product-type.application";
		};
		1F49786E1DC2F4A600E29004 /* CollectionViewAutoScrollTests */ = {
			isa = PBXNativeTarget;
			buildConfigurationList = 1F4978861DC2F4A600E29004 /* Build configuration list for PBXNativeTarget "CollectionViewAutoScrollTests" */;
			buildPhases = (
				1F49786B1DC2F4A600E29004 /* Sources */,
				1F49786C1DC2F4A600E29004 /* Frameworks */,
				1F49786D1DC2F4A600E29004 /* Resources */,
			);
			buildRules = (
			);
			dependencies = (
				1F4978711DC2F4A600E29004 /* PBXTargetDependency */,
			);
			name = CollectionViewAutoScrollTests;
			productName = CollectionViewAutoScrollTests;
			productReference = 1F49786F1DC2F4A600E29004 /* CollectionViewAutoScrollTests.xctest */;
			productType = "com.apple.product-type.bundle.unit-test";
		};
		1F4978791DC2F4A600E29004 /* CollectionViewAutoScrollUITests */ = {
			isa = PBXNativeTarget;
			buildConfigurationList = 1F4978891DC2F4A600E29004 /* Build configuration list for PBXNativeTarget "CollectionViewAutoScrollUITests" */;
			buildPhases = (
				1F4978761DC2F4A600E29004 /* Sources */,
				1F4978771DC2F4A600E29004 /* Frameworks */,
				1F4978781DC2F4A600E29004 /* Resources */,
			);
			buildRules = (
			);
			dependencies = (
				1F49787C1DC2F4A600E29004 /* PBXTargetDependency */,
			);
			name = CollectionViewAutoScrollUITests;
			productName = CollectionViewAutoScrollUITests;
			productReference = 1F49787A1DC2F4A600E29004 /* CollectionViewAutoScrollUITests.xctest */;
			productType = "com.apple.product-type.bundle.ui-testing";
		};
/* End PBXNativeTarget section */

/* Begin PBXProject section */
		1F49784E1DC2F4A500E29004 /* Project object */ = {
			isa = PBXProject;
			attributes = {
				LastUpgradeCheck = 0730;
				ORGANIZATIONNAME = HuanaoGroup;
				TargetAttributes = {
					1F4978551DC2F4A500E29004 = {
						CreatedOnToolsVersion = 7.3.1;
					};
					1F49786E1DC2F4A600E29004 = {
						CreatedOnToolsVersion = 7.3.1;
						TestTargetID = 1F4978551DC2F4A500E29004;
					};
					1F4978791DC2F4A600E29004 = {
						CreatedOnToolsVersion = 7.3.1;
						TestTargetID = 1F4978551DC2F4A500E29004;
					};
				};
			};
			buildConfigurationList = 1F4978511DC2F4A500E29004 /* Build configuration list for PBXProject "CollectionViewAutoScroll" */;
			compatibilityVersion = "Xcode 3.2";
			developmentRegion = English;
			hasScannedForEncodings = 0;
			knownRegions = (
				en,
				Base,
			);
			mainGroup = 1F49784D1DC2F4A500E29004;
			productRefGroup = 1F4978571DC2F4A500E29004 /* Products */;
			projectDirPath = "";
			projectRoot = "";
			targets = (
				1F4978551DC2F4A500E29004 /* CollectionViewAutoScroll */,
				1F49786E1DC2F4A600E29004 /* CollectionViewAutoScrollTests */,
				1F4978791DC2F4A600E29004 /* CollectionViewAutoScrollUITests */,
			);
		};
/* End PBXProject section */

/* Begin PBXResourcesBuildPhase section */
		1F4978541DC2F4A500E29004 /* Resources */ = {
			isa = PBXResourcesBuildPhase;
			buildActionMask = 2147483647;
			files = (
				1F4978691DC2F4A500E29004 /* LaunchScreen.storyboard in Resources */,
				1F4978AD1DC8723500E29004 /* FGRReadOptionViewController.xib in Resources */,
				1F4978C41DC88B0500E29004 /* FGRReadOptionConfigController.xib in Resources */,
				1F4978661DC2F4A500E29004 /* Assets.xcassets in Resources */,
				1F4978B21DC8734600E29004 /* FGRReadOptionCell.xib in Resources */,
				1F4978BF1DC8873E00E29004 /* FGRReadOptionFontSizeCell.xib in Resources */,
				1F4978CE1DC88FEC00E29004 /* FGRReadOptionNaviCell.xib in Resources */,
				1F4978A31DC8354100E29004 /* MenuDemoViewController.xib in Resources */,
				1F4978931DC2FD9900E29004 /* FGRCollectionViewCell.xib in Resources */,
				1F4978641DC2F4A500E29004 /* Main.storyboard in Resources */,
			);
			runOnlyForDeploymentPostprocessing = 0;
		};
		1F49786D1DC2F4A600E29004 /* Resources */ = {
			isa = PBXResourcesBuildPhase;
			buildActionMask = 2147483647;
			files = (
			);
			runOnlyForDeploymentPostprocessing = 0;
		};
		1F4978781DC2F4A600E29004 /* Resources */ = {
			isa = PBXResourcesBuildPhase;
			buildActionMask = 2147483647;
			files = (
			);
			runOnlyForDeploymentPostprocessing = 0;
		};
/* End PBXResourcesBuildPhase section */

/* Begin PBXSourcesBuildPhase section */
		1F4978521DC2F4A500E29004 /* Sources */ = {
			isa = PBXSourcesBuildPhase;
			buildActionMask = 2147483647;
			files = (
				1F4978B61DC8787100E29004 /* FGRReadOptionItem.m in Sources */,
				1F4978B11DC8734600E29004 /* FGRReadOptionCell.m in Sources */,
				1F4978CD1DC88FEC00E29004 /* FGRReadOptionNaviCell.m in Sources */,
				1F4978A61DC83AF300E29004 /* FGRBottomMenu.m in Sources */,
				1F4978611DC2F4A500E29004 /* ViewController.m in Sources */,
				1F49785E1DC2F4A500E29004 /* AppDelegate.m in Sources */,
				1F4978AC1DC8723500E29004 /* FGRReadOptionViewController.m in Sources */,
				1F49789E1DC834AF00E29004 /* FGRBottomMenuController.m in Sources */,
				1F49788E1DC2F94500E29004 /* FGRCollectionViewLayout.m in Sources */,
				1F4978A21DC8354100E29004 /* MenuDemoViewController.m in Sources */,
				1F49785B1DC2F4A500E29004 /* main.m in Sources */,
				1F4978921DC2FD9900E29004 /* FGRCollectionViewCell.m in Sources */,
				1F4978BE1DC8873E00E29004 /* FGRReadOptionFontSizeCell.m in Sources */,
				1F4978C31DC88B0500E29004 /* FGRReadOptionConfigController.m in Sources */,
				1F49789A1DC32E5300E29004 /* FGRCollectionViewDataSource.m in Sources */,
			);
			runOnlyForDeploymentPostprocessing = 0;
		};
		1F49786B1DC2F4A600E29004 /* Sources */ = {
			isa = PBXSourcesBuildPhase;
			buildActionMask = 2147483647;
			files = (
				1F4978741DC2F4A600E29004 /* CollectionViewAutoScrollTests.m in Sources */,
			);
			runOnlyForDeploymentPostprocessing = 0;
		};
		1F4978761DC2F4A600E29004 /* Sources */ = {
			isa = PBXSourcesBuildPhase;
			buildActionMask = 2147483647;
			files = (
				1F49787F1DC2F4A600E29004 /* CollectionViewAutoScrollUITests.m in Sources */,
			);
			runOnlyForDeploymentPostprocessing = 0;
		};
/* End PBXSourcesBuildPhase section */

/* Begin PBXTargetDependency section */
		1F4978711DC2F4A600E29004 /* PBXTargetDependency */ = {
			isa = PBXTargetDependency;
			target = 1F4978551DC2F4A500E29004 /* CollectionViewAutoScroll */;
			targetProxy = 1F4978701DC2F4A600E29004 /* PBXContainerItemProxy */;
		};
		1F49787C1DC2F4A600E29004 /* PBXTargetDependency */ = {
			isa = PBXTargetDependency;
			target = 1F4978551DC2F4A500E29004 /* CollectionViewAutoScroll */;
			targetProxy = 1F49787B1DC2F4A600E29004 /* PBXContainerItemProxy */;
		};
/* End PBXTargetDependency section */

/* Begin PBXVariantGroup section */
		1F4978621DC2F4A500E29004 /* Main.storyboard */ = {
			isa = PBXVariantGroup;
			children = (
				1F4978631DC2F4A500E29004 /* Base */,
			);
			name = Main.storyboard;
			sourceTree = "<group>";
		};
		1F4978671DC2F4A500E29004 /* LaunchScreen.storyboard */ = {
			isa = PBXVariantGroup;
			children = (
				1F4978681DC2F4A500E29004 /* Base */,
			);
			name = LaunchScreen.storyboard;
			sourceTree = "<group>";
		};
/* End PBXVariantGroup section */

/* Begin XCBuildConfiguration section */
		1F4978811DC2F4A600E29004 /* Debug */ = {
			isa = XCBuildConfiguration;
			buildSettings = {
				ALWAYS_SEARCH_USER_PATHS = NO;
				CLANG_ANALYZER_NONNULL = YES;
				CLANG_CXX_LANGUAGE_STANDARD = "gnu++0x";
				CLANG_CXX_LIBRARY = "libc++";
				CLANG_ENABLE_MODULES = YES;
				CLANG_ENABLE_OBJC_ARC = YES;
				CLANG_WARN_BOOL_CONVERSION = YES;
				CLANG_WARN_CONSTANT_CONVERSION = YES;
				CLANG_WARN_DIRECT_OBJC_ISA_USAGE = YES_ERROR;
				CLANG_WARN_EMPTY_BODY = YES;
				CLANG_WARN_ENUM_CONVERSION = YES;
				CLANG_WARN_INT_CONVERSION = YES;
				CLANG_WARN_OBJC_ROOT_CLASS = YES_ERROR;
				CLANG_WARN_UNREACHABLE_CODE = YES;
				CLANG_WARN__DUPLICATE_METHOD_MATCH = YES;
				"CODE_SIGN_IDENTITY[sdk=iphoneos*]" = "iPhone Developer";
				COPY_PHASE_STRIP = NO;
				DEBUG_INFORMATION_FORMAT = dwarf;
				ENABLE_STRICT_OBJC_MSGSEND = YES;
				ENABLE_TESTABILITY = YES;
				GCC_C_LANGUAGE_STANDARD = gnu99;
				GCC_DYNAMIC_NO_PIC = NO;
				GCC_NO_COMMON_BLOCKS = YES;
				GCC_OPTIMIZATION_LEVEL = 0;
				GCC_PREPROCESSOR_DEFINITIONS = (
					"DEBUG=1",
					"$(inherited)",
				);
				GCC_WARN_64_TO_32_BIT_CONVERSION = YES;
				GCC_WARN_ABOUT_RETURN_TYPE = YES_ERROR;
				GCC_WARN_UNDECLARED_SELECTOR = YES;
				GCC_WARN_UNINITIALIZED_AUTOS = YES_AGGRESSIVE;
				GCC_WARN_UNUSED_FUNCTION = YES;
				GCC_WARN_UNUSED_VARIABLE = YES;
				IPHONEOS_DEPLOYMENT_TARGET = 9.3;
				MTL_ENABLE_DEBUG_INFO = YES;
				ONLY_ACTIVE_ARCH = YES;
				SDKROOT = iphoneos;
				TARGETED_DEVICE_FAMILY = "1,2";
			};
			name = Debug;
		};
		1F4978821DC2F4A600E29004 /* Release */ = {
			isa = XCBuildConfiguration;
			buildSettings = {
				ALWAYS_SEARCH_USER_PATHS = NO;
				CLANG_ANALYZER_NONNULL = YES;
				CLANG_CXX_LANGUAGE_STANDARD = "gnu++0x";
				CLANG_CXX_LIBRARY = "libc++";
				CLANG_ENABLE_MODULES = YES;
				CLANG_ENABLE_OBJC_ARC = YES;
				CLANG_WARN_BOOL_CONVERSION = YES;
				CLANG_WARN_CONSTANT_CONVERSION = YES;
				CLANG_WARN_DIRECT_OBJC_ISA_USAGE = YES_ERROR;
				CLANG_WARN_EMPTY_BODY = YES;
				CLANG_WARN_ENUM_CONVERSION = YES;
				CLANG_WARN_INT_CONVERSION = YES;
				CLANG_WARN_OBJC_ROOT_CLASS = YES_ERROR;
				CLANG_WARN_UNREACHABLE_CODE = YES;
				CLANG_WARN__DUPLICATE_METHOD_MATCH = YES;
				"CODE_SIGN_IDENTITY[sdk=iphoneos*]" = "iPhone Developer";
				COPY_PHASE_STRIP = NO;
				DEBUG_INFORMATION_FORMAT = "dwarf-with-dsym";
				ENABLE_NS_ASSERTIONS = NO;
				ENABLE_STRICT_OBJC_MSGSEND = YES;
				GCC_C_LANGUAGE_STANDARD = gnu99;
				GCC_NO_COMMON_BLOCKS = YES;
				GCC_WARN_64_TO_32_BIT_CONVERSION = YES;
				GCC_WARN_ABOUT_RETURN_TYPE = YES_ERROR;
				GCC_WARN_UNDECLARED_SELECTOR = YES;
				GCC_WARN_UNINITIALIZED_AUTOS = YES_AGGRESSIVE;
				GCC_WARN_UNUSED_FUNCTION = YES;
				GCC_WARN_UNUSED_VARIABLE = YES;
				IPHONEOS_DEPLOYMENT_TARGET = 9.3;
				MTL_ENABLE_DEBUG_INFO = NO;
				SDKROOT = iphoneos;
				TARGETED_DEVICE_FAMILY = "1,2";
				VALIDATE_PRODUCT = YES;
			};
			name = Release;
		};
		1F4978841DC2F4A600E29004 /* Debug */ = {
			isa = XCBuildConfiguration;
			buildSettings = {
				ASSETCATALOG_COMPILER_APPICON_NAME = AppIcon;
				INFOPLIST_FILE = CollectionViewAutoScroll/Info.plist;
				IPHONEOS_DEPLOYMENT_TARGET = 9.3;
				LD_RUNPATH_SEARCH_PATHS = "$(inherited) @executable_path/Frameworks";
				PRODUCT_BUNDLE_IDENTIFIER = fgr.CollectionViewAutoScroll;
				PRODUCT_NAME = "$(TARGET_NAME)";
			};
			name = Debug;
		};
		1F4978851DC2F4A600E29004 /* Release */ = {
			isa = XCBuildConfiguration;
			buildSettings = {
				ASSETCATALOG_COMPILER_APPICON_NAME = AppIcon;
				INFOPLIST_FILE = CollectionViewAutoScroll/Info.plist;
				IPHONEOS_DEPLOYMENT_TARGET = 9.3;
				LD_RUNPATH_SEARCH_PATHS = "$(inherited) @executable_path/Frameworks";
				PRODUCT_BUNDLE_IDENTIFIER = fgr.CollectionViewAutoScroll;
				PRODUCT_NAME = "$(TARGET_NAME)";
			};
			name = Release;
		};
		1F4978871DC2F4A600E29004 /* Debug */ = {
			isa = XCBuildConfiguration;
			buildSettings = {
				BUNDLE_LOADER = "$(TEST_HOST)";
				INFOPLIST_FILE = CollectionViewAutoScrollTests/Info.plist;
				LD_RUNPATH_SEARCH_PATHS = "$(inherited) @executable_path/Frameworks @loader_path/Frameworks";
				PRODUCT_BUNDLE_IDENTIFIER = fgr.CollectionViewAutoScrollTests;
				PRODUCT_NAME = "$(TARGET_NAME)";
				TEST_HOST = "$(BUILT_PRODUCTS_DIR)/CollectionViewAutoScroll.app/CollectionViewAutoScroll";
			};
			name = Debug;
		};
		1F4978881DC2F4A600E29004 /* Release */ = {
			isa = XCBuildConfiguration;
			buildSettings = {
				BUNDLE_LOADER = "$(TEST_HOST)";
				INFOPLIST_FILE = CollectionViewAutoScrollTests/Info.plist;
				LD_RUNPATH_SEARCH_PATHS = "$(inherited) @executable_path/Frameworks @loader_path/Frameworks";
				PRODUCT_BUNDLE_IDENTIFIER = fgr.CollectionViewAutoScrollTests;
				PRODUCT_NAME = "$(TARGET_NAME)";
				TEST_HOST = "$(BUILT_PRODUCTS_DIR)/CollectionViewAutoScroll.app/CollectionViewAutoScroll";
			};
			name = Release;
		};
		1F49788A1DC2F4A600E29004 /* Debug */ = {
			isa = XCBuildConfiguration;
			buildSettings = {
				INFOPLIST_FILE = CollectionViewAutoScrollUITests/Info.plist;
				LD_RUNPATH_SEARCH_PATHS = "$(inherited) @executable_path/Frameworks @loader_path/Frameworks";
				PRODUCT_BUNDLE_IDENTIFIER = fgr.CollectionViewAutoScrollUITests;
				PRODUCT_NAME = "$(TARGET_NAME)";
				TEST_TARGET_NAME = CollectionViewAutoScroll;
			};
			name = Debug;
		};
		1F49788B1DC2F4A600E29004 /* Release */ = {
			isa = XCBuildConfiguration;
			buildSettings = {
				INFOPLIST_FILE = CollectionViewAutoScrollUITests/Info.plist;
				LD_RUNPATH_SEARCH_PATHS = "$(inherited) @executable_path/Frameworks @loader_path/Frameworks";
				PRODUCT_BUNDLE_IDENTIFIER = fgr.CollectionViewAutoScrollUITests;
				PRODUCT_NAME = "$(TARGET_NAME)";
				TEST_TARGET_NAME = CollectionViewAutoScroll;
			};
			name = Release;
		};
/* End XCBuildConfiguration section */

/* Begin XCConfigurationList section */
		1F4978511DC2F4A500E29004 /* Build configuration list for PBXProject "CollectionViewAutoScroll" */ = {
			isa = XCConfigurationList;
			buildConfigurations = (
				1F4978811DC2F4A600E29004 /* Debug */,
				1F4978821DC2F4A600E29004 /* Release */,
			);
			defaultConfigurationIsVisible = 0;
			defaultConfigurationName = Release;
		};
		1F4978831DC2F4A600E29004 /* Build configuration list for PBXNativeTarget "CollectionViewAutoScroll" */ = {
			isa = XCConfigurationList;
			buildConfigurations = (
				1F4978841DC2F4A600E29004 /* Debug */,
				1F4978851DC2F4A600E29004 /* Release */,
			);
			defaultConfigurationIsVisible = 0;
			defaultConfigurationName = Release;
		};
		1F4978861DC2F4A600E29004 /* Build configuration list for PBXNativeTarget "CollectionViewAutoScrollTests" */ = {
			isa = XCConfigurationList;
			buildConfigurations = (
				1F4978871DC2F4A600E29004 /* Debug */,
				1F4978881DC2F4A600E29004 /* Release */,
			);
			defaultConfigurationIsVisible = 0;
			defaultConfigurationName = Release;
		};
		1F4978891DC2F4A600E29004 /* Build configuration list for PBXNativeTarget "CollectionViewAutoScrollUITests" */ = {
			isa = XCConfigurationList;
			buildConfigurations = (
				1F49788A1DC2F4A600E29004 /* Debug */,
				1F49788B1DC2F4A600E29004 /* Release */,
			);
			defaultConfigurationIsVisible = 0;
			defaultConfigurationName = Release;
		};
/* End XCConfigurationList section */
	};
	rootObject = 1F49784E1DC2F4A500E29004 /* Project object */;
}
